// !$*UTF8*$!
{
	archiveVersion = 1;
	classes = {
	};
	objectVersion = 46;
	objects = {

/* Begin PBXBuildFile section */
		045DBB511B0BBEE200564F76 /* BallCountView.swift in Sources */ = {isa = PBXBuildFile; fileRef = 045DBB501B0BBEE200564F76 /* BallCountView.swift */; };
		045DBB531B0BBEF600564F76 /* BallView.swift in Sources */ = {isa = PBXBuildFile; fileRef = 045DBB521B0BBEF600564F76 /* BallView.swift */; };
		045DBB551B0BBF0500564F76 /* BrickView.swift in Sources */ = {isa = PBXBuildFile; fileRef = 045DBB541B0BBF0500564F76 /* BrickView.swift */; };
		045DBB571B0BBF1100564F76 /* PaddleView.swift in Sources */ = {isa = PBXBuildFile; fileRef = 045DBB561B0BBF1100564F76 /* PaddleView.swift */; };
		04942C201B0B6CF200742B89 /* AppDelegate.swift in Sources */ = {isa = PBXBuildFile; fileRef = 04942C1F1B0B6CF200742B89 /* AppDelegate.swift */; };
		04942C221B0B6CF200742B89 /* LevelViewController.swift in Sources */ = {isa = PBXBuildFile; fileRef = 04942C211B0B6CF200742B89 /* LevelViewController.swift */; };
		04942C251B0B6CF200742B89 /* Main.storyboard in Resources */ = {isa = PBXBuildFile; fileRef = 04942C231B0B6CF200742B89 /* Main.storyboard */; };
		04942C271B0B6CF200742B89 /* Images.xcassets in Resources */ = {isa = PBXBuildFile; fileRef = 04942C261B0B6CF200742B89 /* Images.xcassets */; };
		04942C2A1B0B6CF200742B89 /* LaunchScreen.xib in Resources */ = {isa = PBXBuildFile; fileRef = 04942C281B0B6CF200742B89 /* LaunchScreen.xib */; };
		04942C361B0B6CF200742B89 /* SmashTests.swift in Sources */ = {isa = PBXBuildFile; fileRef = 04942C351B0B6CF200742B89 /* SmashTests.swift */; };
		04D9F8301B0CCF4800177476 /* GameData.swift in Sources */ = {isa = PBXBuildFile; fileRef = 04D9F82F1B0CCF4800177476 /* GameData.swift */; };
		04D9F8331B0CE03C00177476 /* StartViewController.swift in Sources */ = {isa = PBXBuildFile; fileRef = 04D9F8321B0CE03C00177476 /* StartViewController.swift */; };
		04D9F8351B0CE06900177476 /* DoneViewController.swift in Sources */ = {isa = PBXBuildFile; fileRef = 04D9F8341B0CE06900177476 /* DoneViewController.swift */; };
		04D9F8371B0CE07E00177476 /* GavmeOverViewController.swift in Sources */ = {isa = PBXBuildFile; fileRef = 04D9F8361B0CE07E00177476 /* GavmeOverViewController.swift */; };
		04D9F83A1B0CE5C200177476 /* Smash Punkers1.ttf in Resources */ = {isa = PBXBuildFile; fileRef = 04D9F8311B0CDF5B00177476 /* Smash Punkers1.ttf */; };
/* End PBXBuildFile section */

/* Begin PBXContainerItemProxy section */
		04942C301B0B6CF200742B89 /* PBXContainerItemProxy */ = {
			isa = PBXContainerItemProxy;
			containerPortal = 04942C121B0B6CF200742B89 /* Project object */;
			proxyType = 1;
			remoteGlobalIDString = 04942C191B0B6CF200742B89;
			remoteInfo = Smash;
		};
/* End PBXContainerItemProxy section */

/* Begin PBXFileReference section */
		045DBB501B0BBEE200564F76 /* BallCountView.swift */ = {isa = PBXFileReference; fileEncoding = 4; lastKnownFileType = sourcecode.swift; path = BallCountView.swift; sourceTree = "<group>"; };
		045DBB521B0BBEF600564F76 /* BallView.swift */ = {isa = PBXFileReference; fileEncoding = 4; lastKnownFileType = sourcecode.swift; path = BallView.swift; sourceTree = "<group>"; };
		045DBB541B0BBF0500564F76 /* BrickView.swift */ = {isa = PBXFileReference; fileEncoding = 4; lastKnownFileType = sourcecode.swift; path = BrickView.swift; sourceTree = "<group>"; };
		045DBB561B0BBF1100564F76 /* PaddleView.swift */ = {isa = PBXFileReference; fileEncoding = 4; lastKnownFileType = sourcecode.swift; path = PaddleView.swift; sourceTree = "<group>"; };
		04942C1A1B0B6CF200742B89 /* Smash.app */ = {isa = PBXFileReference; explicitFileType = wrapper.application; includeInIndex = 0; path = Smash.app; sourceTree = BUILT_PRODUCTS_DIR; };
		04942C1E1B0B6CF200742B89 /* Info.plist */ = {isa = PBXFileReference; lastKnownFileType = text.plist.xml; path = Info.plist; sourceTree = "<group>"; };
		04942C1F1B0B6CF200742B89 /* AppDelegate.swift */ = {isa = PBXFileReference; lastKnownFileType = sourcecode.swift; path = AppDelegate.swift; sourceTree = "<group>"; };
		04942C211B0B6CF200742B89 /* LevelViewController.swift */ = {isa = PBXFileReference; lastKnownFileType = sourcecode.swift; path = LevelViewController.swift; sourceTree = "<group>"; };
		04942C241B0B6CF200742B89 /* Base */ = {isa = PBXFileReference; lastKnownFileType = file.storyboard; name = Base; path = Base.lproj/Main.storyboard; sourceTree = "<group>"; };
		04942C261B0B6CF200742B89 /* Images.xcassets */ = {isa = PBXFileReference; lastKnownFileType = folder.assetcatalog; path = Images.xcassets; sourceTree = "<group>"; };
		04942C291B0B6CF200742B89 /* Base */ = {isa = PBXFileReference; lastKnownFileType = file.xib; name = Base; path = Base.lproj/LaunchScreen.xib; sourceTree = "<group>"; };
		04942C2F1B0B6CF200742B89 /* SmashTests.xctest */ = {isa = PBXFileReference; explicitFileType = wrapper.cfbundle; includeInIndex = 0; path = SmashTests.xctest; sourceTree = BUILT_PRODUCTS_DIR; };
		04942C341B0B6CF200742B89 /* Info.plist */ = {isa = PBXFileReference; lastKnownFileType = text.plist.xml; path = Info.plist; sourceTree = "<group>"; };
		04942C351B0B6CF200742B89 /* SmashTests.swift */ = {isa = PBXFileReference; lastKnownFileType = sourcecode.swift; path = SmashTests.swift; sourceTree = "<group>"; };
		04D9F82F1B0CCF4800177476 /* GameData.swift */ = {isa = PBXFileReference; fileEncoding = 4; lastKnownFileType = sourcecode.swift; path = GameData.swift; sourceTree = "<group>"; };
		04D9F8311B0CDF5B00177476 /* Smash Punkers1.ttf */ = {isa = PBXFileReference; lastKnownFileType = file; name = "Smash Punkers1.ttf"; path = "../../../Library/Fonts/Smash Punkers1.ttf"; sourceTree = "<group>"; };
		04D9F8321B0CE03C00177476 /* StartViewController.swift */ = {isa = PBXFileReference; fileEncoding = 4; lastKnownFileType = sourcecode.swift; path = StartViewController.swift; sourceTree = "<group>"; };
		04D9F8341B0CE06900177476 /* DoneViewController.swift */ = {isa = PBXFileReference; fileEncoding = 4; lastKnownFileType = sourcecode.swift; path = DoneViewController.swift; sourceTree = "<group>"; };
		04D9F8361B0CE07E00177476 /* GavmeOverViewController.swift */ = {isa = PBXFileReference; fileEncoding = 4; lastKnownFileType = sourcecode.swift; path = GavmeOverViewController.swift; sourceTree = "<group>"; };
/* End PBXFileReference section */

/* Begin PBXFrameworksBuildPhase section */
		04942C171B0B6CF200742B89 /* Frameworks */ = {
			isa = PBXFrameworksBuildPhase;
			buildActionMask = 2147483647;
			files = (
			);
			runOnlyForDeploymentPostprocessing = 0;
		};
		04942C2C1B0B6CF200742B89 /* Frameworks */ = {
			isa = PBXFrameworksBuildPhase;
			buildActionMask = 2147483647;
			files = (
			);
			runOnlyForDeploymentPostprocessing = 0;
		};
/* End PBXFrameworksBuildPhase section */

/* Begin PBXGroup section */
		04942C111B0B6CF200742B89 = {
			isa = PBXGroup;
			children = (
				04942C1C1B0B6CF200742B89 /* Smash */,
				04942C321B0B6CF200742B89 /* SmashTests */,
				04942C1B1B0B6CF200742B89 /* Products */,
			);
			sourceTree = "<group>";
		};
		04942C1B1B0B6CF200742B89 /* Products */ = {
			isa = PBXGroup;
			children = (
				04942C1A1B0B6CF200742B89 /* Smash.app */,
				04942C2F1B0B6CF200742B89 /* SmashTests.xctest */,
			);
			name = Products;
			sourceTree = "<group>";
		};
		04942C1C1B0B6CF200742B89 /* Smash */ = {
			isa = PBXGroup;
			children = (
				04942C231B0B6CF200742B89 /* Main.storyboard */,
				04D9F8391B0CE0A200177476 /* Level */,
				04D9F8381B0CE09200177476 /* Model */,
				04942C1D1B0B6CF200742B89 /* Supporting Files */,
			);
			path = Smash;
			sourceTree = "<group>";
		};
		04942C1D1B0B6CF200742B89 /* Supporting Files */ = {
			isa = PBXGroup;
			children = (
				04D9F8311B0CDF5B00177476 /* Smash Punkers1.ttf */,
				04D9F82F1B0CCF4800177476 /* GameData.swift */,
				04942C1F1B0B6CF200742B89 /* AppDelegate.swift */,
				04942C261B0B6CF200742B89 /* Images.xcassets */,
				04942C281B0B6CF200742B89 /* LaunchScreen.xib */,
				04942C1E1B0B6CF200742B89 /* Info.plist */,
			);
			name = "Supporting Files";
			sourceTree = "<group>";
		};
		04942C321B0B6CF200742B89 /* SmashTests */ = {
			isa = PBXGroup;
			children = (
				04942C351B0B6CF200742B89 /* SmashTests.swift */,
				04942C331B0B6CF200742B89 /* Supporting Files */,
			);
			path = SmashTests;
			sourceTree = "<group>";
		};
		04942C331B0B6CF200742B89 /* Supporting Files */ = {
			isa = PBXGroup;
			children = (
				04942C341B0B6CF200742B89 /* Info.plist */,
			);
			name = "Supporting Files";
			sourceTree = "<group>";
		};
		04D9F8381B0CE09200177476 /* Model */ = {
			isa = PBXGroup;
			children = (
				04D9F8321B0CE03C00177476 /* StartViewController.swift */,
				04D9F8341B0CE06900177476 /* DoneViewController.swift */,
				04D9F8361B0CE07E00177476 /* GavmeOverViewController.swift */,
			);
			name = Model;
			sourceTree = "<group>";
		};
		04D9F8391B0CE0A200177476 /* Level */ = {
			isa = PBXGroup;
			children = (
				04942C211B0B6CF200742B89 /* LevelViewController.swift */,
				045DBB501B0BBEE200564F76 /* BallCountView.swift */,
				045DBB561B0BBF1100564F76 /* PaddleView.swift */,
				045DBB541B0BBF0500564F76 /* BrickView.swift */,
				045DBB521B0BBEF600564F76 /* BallView.swift */,
			);
			name = Level;
			sourceTree = "<group>";
		};
/* End PBXGroup section */

/* Begin PBXNativeTarget section */
		04942C191B0B6CF200742B89 /* Smash */ = {
			isa = PBXNativeTarget;
			buildConfigurationList = 04942C391B0B6CF200742B89 /* Build configuration list for PBXNativeTarget "Smash" */;
			buildPhases = (
				04942C161B0B6CF200742B89 /* Sources */,
				04942C171B0B6CF200742B89 /* Frameworks */,
				04942C181B0B6CF200742B89 /* Resources */,
			);
			buildRules = (
			);
			dependencies = (
			);
			name = Smash;
			productName = Smash;
			productReference = 04942C1A1B0B6CF200742B89 /* Smash.app */;
			productType = "com.apple.product-type.application";
		};
		04942C2E1B0B6CF200742B89 /* SmashTests */ = {
			isa = PBXNativeTarget;
			buildConfigurationList = 04942C3C1B0B6CF200742B89 /* Build configuration list for PBXNativeTarget "SmashTests" */;
			buildPhases = (
				04942C2B1B0B6CF200742B89 /* Sources */,
				04942C2C1B0B6CF200742B89 /* Frameworks */,
				04942C2D1B0B6CF200742B89 /* Resources */,
			);
			buildRules = (
			);
			dependencies = (
				04942C311B0B6CF200742B89 /* PBXTargetDependency */,
			);
			name = SmashTests;
			productName = SmashTests;
			productReference = 04942C2F1B0B6CF200742B89 /* SmashTests.xctest */;
			productType = "com.apple.product-type.bundle.unit-test";
		};
/* End PBXNativeTarget section */

/* Begin PBXProject section */
		04942C121B0B6CF200742B89 /* Project object */ = {
			isa = PBXProject;
			attributes = {
				LastUpgradeCheck = 0630;
				ORGANIZATIONNAME = "Shannon Armon";
				TargetAttributes = {
					04942C191B0B6CF200742B89 = {
						CreatedOnToolsVersion = 6.3.1;
					};
					04942C2E1B0B6CF200742B89 = {
						CreatedOnToolsVersion = 6.3.1;
						TestTargetID = 04942C191B0B6CF200742B89;
					};
				};
			};
			buildConfigurationList = 04942C151B0B6CF200742B89 /* Build configuration list for PBXProject "Smash" */;
			compatibilityVersion = "Xcode 3.2";
			developmentRegion = English;
			hasScannedForEncodings = 0;
			knownRegions = (
				en,
				Base,
			);
			mainGroup = 04942C111B0B6CF200742B89;
			productRefGroup = 04942C1B1B0B6CF200742B89 /* Products */;
			projectDirPath = "";
			projectRoot = "";
			targets = (
				04942C191B0B6CF200742B89 /* Smash */,
				04942C2E1B0B6CF200742B89 /* SmashTests */,
			);
		};
/* End PBXProject section */

/* Begin PBXResourcesBuildPhase section */
		04942C181B0B6CF200742B89 /* Resources */ = {
			isa = PBXResourcesBuildPhase;
			buildActionMask = 2147483647;
			files = (
				04942C251B0B6CF200742B89 /* Main.storyboard in Resources */,
				04942C2A1B0B6CF200742B89 /* LaunchScreen.xib in Resources */,
				04942C271B0B6CF200742B89 /* Images.xcassets in Resources */,
				04D9F83A1B0CE5C200177476 /* Smash Punkers1.ttf in Resources */,
			);
			runOnlyForDeploymentPostprocessing = 0;
		};
		04942C2D1B0B6CF200742B89 /* Resources */ = {
			isa = PBXResourcesBuildPhase;
			buildActionMask = 2147483647;
			files = (
			);
			runOnlyForDeploymentPostprocessing = 0;
		};
/* End PBXResourcesBuildPhase section */

/* Begin PBXSourcesBuildPhase section */
		04942C161B0B6CF200742B89 /* Sources */ = {
			isa = PBXSourcesBuildPhase;
			buildActionMask = 2147483647;
			files = (
				04942C221B0B6CF200742B89 /* LevelViewController.swift in Sources */,
				04D9F8331B0CE03C00177476 /* StartViewController.swift in Sources */,
				045DBB511B0BBEE200564F76 /* BallCountView.swift in Sources */,
				045DBB551B0BBF0500564F76 /* BrickView.swift in Sources */,
				04942C201B0B6CF200742B89 /* AppDelegate.swift in Sources */,
				04D9F8301B0CCF4800177476 /* GameData.swift in Sources */,
				045DBB571B0BBF1100564F76 /* PaddleView.swift in Sources */,
				04D9F8371B0CE07E00177476 /* GavmeOverViewController.swift in Sources */,
				04D9F8351B0CE06900177476 /* DoneViewController.swift in Sources */,
				045DBB531B0BBEF600564F76 /* BallView.swift in Sources */,
			);
			runOnlyForDeploymentPostprocessing = 0;
		};
		04942C2B1B0B6CF200742B89 /* Sources */ = {
			isa = PBXSourcesBuildPhase;
			buildActionMask = 2147483647;
			files = (
				04942C361B0B6CF200742B89 /* SmashTests.swift in Sources */,
			);
			runOnlyForDeploymentPostprocessing = 0;
		};
/* End PBXSourcesBuildPhase section */

/* Begin PBXTargetDependency section */
		04942C311B0B6CF200742B89 /* PBXTargetDependency */ = {
			isa = PBXTargetDependency;
			target = 04942C191B0B6CF200742B89 /* Smash */;
			targetProxy = 04942C301B0B6CF200742B89 /* PBXContainerItemProxy */;
		};
/* End PBXTargetDependency section */

/* Begin PBXVariantGroup section */
		04942C231B0B6CF200742B89 /* Main.storyboard */ = {
			isa = PBXVariantGroup;
			children = (
				04942C241B0B6CF200742B89 /* Base */,
			);
			name = Main.storyboard;
			sourceTree = "<group>";
		};
		04942C281B0B6CF200742B89 /* LaunchScreen.xib */ = {
			isa = PBXVariantGroup;
			children = (
				04942C291B0B6CF200742B89 /* Base */,
			);
			name = LaunchScreen.xib;
			sourceTree = "<group>";
		};
/* End PBXVariantGroup section */

/* Begin XCBuildConfiguration section */
		04942C371B0B6CF200742B89 /* Debug */ = {
			isa = XCBuildConfiguration;
			buildSettings = {
				ALWAYS_SEARCH_USER_PATHS = NO;
				CLANG_CXX_LANGUAGE_STANDARD = "gnu++0x";
				CLANG_CXX_LIBRARY = "libc++";
				CLANG_ENABLE_MODULES = YES;
				CLANG_ENABLE_OBJC_ARC = YES;
				CLANG_WARN_BOOL_CONVERSION = YES;
				CLANG_WARN_CONSTANT_CONVERSION = YES;
				CLANG_WARN_DIRECT_OBJC_ISA_USAGE = YES_ERROR;
				CLANG_WARN_EMPTY_BODY = YES;
				CLANG_WARN_ENUM_CONVERSION = YES;
				CLANG_WARN_INT_CONVERSION = YES;
				CLANG_WARN_OBJC_ROOT_CLASS = YES_ERROR;
				CLANG_WARN_UNREACHABLE_CODE = YES;
				CLANG_WARN__DUPLICATE_METHOD_MATCH = YES;
				"CODE_SIGN_IDENTITY[sdk=iphoneos*]" = "iPhone Developer";
				COPY_PHASE_STRIP = NO;
				DEBUG_INFORMATION_FORMAT = "dwarf-with-dsym";
				ENABLE_STRICT_OBJC_MSGSEND = YES;
				GCC_C_LANGUAGE_STANDARD = gnu99;
				GCC_DYNAMIC_NO_PIC = NO;
				GCC_NO_COMMON_BLOCKS = YES;
				GCC_OPTIMIZATION_LEVEL = 0;
				GCC_PREPROCESSOR_DEFINITIONS = (
					"DEBUG=1",
					"$(inherited)",
				);
				GCC_SYMBOLS_PRIVATE_EXTERN = NO;
				GCC_WARN_64_TO_32_BIT_CONVERSION = YES;
				GCC_WARN_ABOUT_RETURN_TYPE = YES_ERROR;
				GCC_WARN_UNDECLARED_SELECTOR = YES;
				GCC_WARN_UNINITIALIZED_AUTOS = YES_AGGRESSIVE;
				GCC_WARN_UNUSED_FUNCTION = YES;
				GCC_WARN_UNUSED_VARIABLE = YES;
				IPHONEOS_DEPLOYMENT_TARGET = 8.3;
				MTL_ENABLE_DEBUG_INFO = YES;
				ONLY_ACTIVE_ARCH = YES;
				SDKROOT = iphoneos;
				SWIFT_OPTIMIZATION_LEVEL = "-Onone";
			};
			name = Debug;
		};
		04942C381B0B6CF200742B89 /* Release */ = {
			isa = XCBuildConfiguration;
			buildSettings = {
				ALWAYS_SEARCH_USER_PATHS = NO;
				CLANG_CXX_LANGUAGE_STANDARD = "gnu++0x";
				CLANG_CXX_LIBRARY = "libc++";
				CLANG_ENABLE_MODULES = YES;
				CLANG_ENABLE_OBJC_ARC = YES;
				CLANG_WARN_BOOL_CONVERSION = YES;
				CLANG_WARN_CONSTANT_CONVERSION = YES;
				CLANG_WARN_DIRECT_OBJC_ISA_USAGE = YES_ERROR;
				CLANG_WARN_EMPTY_BODY = YES;
				CLANG_WARN_ENUM_CONVERSION = YES;
				CLANG_WARN_INT_CONVERSION = YES;
				CLANG_WARN_OBJC_ROOT_CLASS = YES_ERROR;
				CLANG_WARN_UNREACHABLE_CODE = YES;
				CLANG_WARN__DUPLICATE_METHOD_MATCH = YES;
				"CODE_SIGN_IDENTITY[sdk=iphoneos*]" = "iPhone Developer";
				COPY_PHASE_STRIP = NO;
				DEBUG_INFORMATION_FORMAT = "dwarf-with-dsym";
				ENABLE_NS_ASSERTIONS = NO;
				ENABLE_STRICT_OBJC_MSGSEND = YES;
				GCC_C_LANGUAGE_STANDARD = gnu99;
				GCC_NO_COMMON_BLOCKS = YES;
				GCC_WARN_64_TO_32_BIT_CONVERSION = YES;
				GCC_WARN_ABOUT_RETURN_TYPE = YES_ERROR;
				GCC_WARN_UNDECLARED_SELECTOR = YES;
				GCC_WARN_UNINITIALIZED_AUTOS = YES_AGGRESSIVE;
				GCC_WARN_UNUSED_FUNCTION = YES;
				GCC_WARN_UNUSED_VARIABLE = YES;
				IPHONEOS_DEPLOYMENT_TARGET = 8.3;
				MTL_ENABLE_DEBUG_INFO = NO;
				SDKROOT = iphoneos;
				VALIDATE_PRODUCT = YES;
			};
			name = Release;
		};
		04942C3A1B0B6CF200742B89 /* Debug */ = {
			isa = XCBuildConfiguration;
			buildSettings = {
				ASSETCATALOG_COMPILER_APPICON_NAME = AppIcon;
				INFOPLIST_FILE = Smash/Info.plist;
				LD_RUNPATH_SEARCH_PATHS = "$(inherited) @executable_path/Frameworks";
				PRODUCT_NAME = "$(TARGET_NAME)";
			};
			name = Debug;
		};
		04942C3B1B0B6CF200742B89 /* Release */ = {
			isa = XCBuildConfiguration;
			buildSettings = {
				ASSETCATALOG_COMPILER_APPICON_NAME = AppIcon;
				INFOPLIST_FILE = Smash/Info.plist;
				LD_RUNPATH_SEARCH_PATHS = "$(inherited) @executable_path/Frameworks";
				PRODUCT_NAME = "$(TARGET_NAME)";
			};
			name = Release;
		};
		04942C3D1B0B6CF200742B89 /* Debug */ = {
			isa = XCBuildConfiguration;
			buildSettings = {
				BUNDLE_LOADER = "$(TEST_HOST)";
				FRAMEWORK_SEARCH_PATHS = (
					"$(SDKROOT)/Developer/Library/Frameworks",
					"$(inherited)",
				);
				GCC_PREPROCESSOR_DEFINITIONS = (
					"DEBUG=1",
					"$(inherited)",
				);
				INFOPLIST_FILE = SmashTests/Info.plist;
				LD_RUNPATH_SEARCH_PATHS = "$(inherited) @executable_path/Frameworks @loader_path/Frameworks";
				PRODUCT_NAME = "$(TARGET_NAME)";
				TEST_HOST = "$(BUILT_PRODUCTS_DIR)/Smash.app/Smash";
			};
			name = Debug;
		};
		04942C3E1B0B6CF200742B89 /* Release */ = {
			isa = XCBuildConfiguration;
			buildSettings = {
				BUNDLE_LOADER = "$(TEST_HOST)";
				FRAMEWORK_SEARCH_PATHS = (
					"$(SDKROOT)/Developer/Library/Frameworks",
					"$(inherited)",
				);
				INFOPLIST_FILE = SmashTests/Info.plist;
				LD_RUNPATH_SEARCH_PATHS = "$(inherited) @executable_path/Frameworks @loader_path/Frameworks";
				PRODUCT_NAME = "$(TARGET_NAME)";
				TEST_HOST = "$(BUILT_PRODUCTS_DIR)/Smash.app/Smash";
			};
			name = Release;
		};
/* End XCBuildConfiguration section */

/* Begin XCConfigurationList section */
		04942C151B0B6CF200742B89 /* Build configuration list for PBXProject "Smash" */ = {
			isa = XCConfigurationList;
			buildConfigurations = (
				04942C371B0B6CF200742B89 /* Debug */,
				04942C381B0B6CF200742B89 /* Release */,
			);
			defaultConfigurationIsVisible = 0;
			defaultConfigurationName = Release;
		};
		04942C391B0B6CF200742B89 /* Build configuration list for PBXNativeTarget "Smash" */ = {
			isa = XCConfigurationList;
			buildConfigurations = (
				04942C3A1B0B6CF200742B89 /* Debug */,
				04942C3B1B0B6CF200742B89 /* Release */,
			);
			defaultConfigurationIsVisible = 0;
			defaultConfigurationName = Release;
		};
		04942C3C1B0B6CF200742B89 /* Build configuration list for PBXNativeTarget "SmashTests" */ = {
			isa = XCConfigurationList;
			buildConfigurations = (
				04942C3D1B0B6CF200742B89 /* Debug */,
				04942C3E1B0B6CF200742B89 /* Release */,
			);
			defaultConfigurationIsVisible = 0;
			defaultConfigurationName = Release;
		};
/* End XCConfigurationList section */
	};
	rootObject = 04942C121B0B6CF200742B89 /* Project object */;
}
